
Microsoft Visual Studio Solution File, Format Version 12.00
# Visual Studio Version 16
VisualStudioVersion = 16.0.30611.23
MinimumVisualStudioVersion = 10.0.40219.1
Project("{FAE04EC0-301F-11D3-BF4B-00C04F79EFBC}") = "PIMLogin", "PIMLogin\PIMLogin.csproj", "{0BAF3D84-32E5-4106-B2EE-5E82B0701AC4}"
EndProject
Global
	GlobalSection(SolutionConfigurationPlatforms) = preSolution
		Debug|Any CPU = Debug|Any CPU
		Release|Any CPU = Release|Any CPU
	EndGlobalSection
	GlobalSection(ProjectConfigurationPlatforms) = postSolution
		{0BAF3D84-32E5-4106-B2EE-5E82B0701AC4}.Debug|Any CPU.ActiveCfg = Debug|Any CPU
		{0BAF3D84-32E5-4106-B2EE-5E82B0701AC4}.Debug|Any CPU.Build.0 = Debug|Any CPU
		{0BAF3D84-32E5-4106-B2EE-5E82B0701AC4}.Release|Any CPU.ActiveCfg = Release|Any CPU
		{0BAF3D84-32E5-4106-B2EE-5E82B0701AC4}.Release|Any CPU.Build.0 = Release|Any CPU
	EndGlobalSection
	GlobalSection(SolutionProperties) = preSolution
		HideSolutionNode = FALSE
	EndGlobalSection
	GlobalSection(ExtensibilityGlobals) = postSolution
		SolutionGuid = {5755255A-4C01-41B4-8FD8-974DF4490050}
	EndGlobalSection
EndGlobal
